
Microsoft Visual Studio Solution File, Format Version 12.00
Project("{FAE04EC0-301F-11D3-BF4B-00C04F79EFBC}") = "StormworksWeb", "StormworksWeb.csproj", "{52F0CD6B-94F3-4BE5-9E03-7F3A3B8937A3}"
EndProject
Global
	GlobalSection(SolutionConfigurationPlatforms) = preSolution
		Debug|Any CPU = Debug|Any CPU
		Release|Any CPU = Release|Any CPU
	EndGlobalSection
	GlobalSection(ProjectConfigurationPlatforms) = postSolution
		{52F0CD6B-94F3-4BE5-9E03-7F3A3B8937A3}.Debug|Any CPU.ActiveCfg = Debug|Any CPU
		{52F0CD6B-94F3-4BE5-9E03-7F3A3B8937A3}.Debug|Any CPU.Build.0 = Debug|Any CPU
		{52F0CD6B-94F3-4BE5-9E03-7F3A3B8937A3}.Release|Any CPU.ActiveCfg = Release|Any CPU
		{52F0CD6B-94F3-4BE5-9E03-7F3A3B8937A3}.Release|Any CPU.Build.0 = Release|Any CPU
	EndGlobalSection
EndGlobal
